
Microsoft Visual Studio Solution File, Format Version 12.00
# Visual Studio Version 17
VisualStudioVersion = 17.6.33815.320
MinimumVisualStudioVersion = 10.0.40219.1
Project("{FAE04EC0-301F-11D3-BF4B-00C04F79EFBC}") = "ThePretendCompanyApplication", "ThePretendCompanyApplication\ThePretendCompanyApplication.csproj", "{EB3325C2-7B39-441B-BF15-85D386C93B83}"
EndProject
Project("{FAE04EC0-301F-11D3-BF4B-00C04F79EFBC}") = "TCPData", "TCPData\TCPData.csproj", "{6D48037A-E3DA-4895-8DB7-EC09110E07AB}"
EndProject
Project("{FAE04EC0-301F-11D3-BF4B-00C04F79EFBC}") = "TCPExtensions", "TCPExtensions\TCPExtensions.csproj", "{43E23ACC-E7F0-4384-A824-A497CF658C4F}"
EndProject
Global
	GlobalSection(SolutionConfigurationPlatforms) = preSolution
		Debug|Any CPU = Debug|Any CPU
		Release|Any CPU = Release|Any CPU
	EndGlobalSection
	GlobalSection(ProjectConfigurationPlatforms) = postSolution
		{EB3325C2-7B39-441B-BF15-85D386C93B83}.Debug|Any CPU.ActiveCfg = Debug|Any CPU
		{EB3325C2-7B39-441B-BF15-85D386C93B83}.Debug|Any CPU.Build.0 = Debug|Any CPU
		{EB3325C2-7B39-441B-BF15-85D386C93B83}.Release|Any CPU.ActiveCfg = Release|Any CPU
		{EB3325C2-7B39-441B-BF15-85D386C93B83}.Release|Any CPU.Build.0 = Release|Any CPU
		{6D48037A-E3DA-4895-8DB7-EC09110E07AB}.Debug|Any CPU.ActiveCfg = Debug|Any CPU
		{6D48037A-E3DA-4895-8DB7-EC09110E07AB}.Debug|Any CPU.Build.0 = Debug|Any CPU
		{6D48037A-E3DA-4895-8DB7-EC09110E07AB}.Release|Any CPU.ActiveCfg = Release|Any CPU
		{6D48037A-E3DA-4895-8DB7-EC09110E07AB}.Release|Any CPU.Build.0 = Release|Any CPU
		{43E23ACC-E7F0-4384-A824-A497CF658C4F}.Debug|Any CPU.ActiveCfg = Debug|Any CPU
		{43E23ACC-E7F0-4384-A824-A497CF658C4F}.Debug|Any CPU.Build.0 = Debug|Any CPU
		{43E23ACC-E7F0-4384-A824-A497CF658C4F}.Release|Any CPU.ActiveCfg = Release|Any CPU
		{43E23ACC-E7F0-4384-A824-A497CF658C4F}.Release|Any CPU.Build.0 = Release|Any CPU
	EndGlobalSection
	GlobalSection(SolutionProperties) = preSolution
		HideSolutionNode = FALSE
	EndGlobalSection
	GlobalSection(ExtensibilityGlobals) = postSolution
		SolutionGuid = {D0E02162-82EB-4271-8C15-872901631A3D}
	EndGlobalSection
EndGlobal
